
Microsoft Visual Studio Solution File, Format Version 12.00
# Visual Studio Version 17
VisualStudioVersion = 17.0.32112.339
MinimumVisualStudioVersion = 10.0.40219.1
Project("{2150E333-8FDC-42A3-9474-1A3956D46DE8}") = "Documentation", "Documentation", "{50EB7B83-A418-4956-BB8E-D3C75EB8FF73}"
	ProjectSection(SolutionItems) = preProject
		Documentation\Testing information.txt = Documentation\Testing information.txt
	EndProjectSection
EndProject
Project("{2150E333-8FDC-42A3-9474-1A3956D46DE8}") = "01-API Versioning", "01-API Versioning", "{5EC4E607-49CE-4CB1-81AB-188586AA30C6}"
EndProject
Project("{9A19103F-16F7-4668-BE54-9A1E7A4F7556}") = "SimpleSwagger", "01-Versioning\SimpleSwagger\SimpleSwagger.csproj", "{B127D8BD-B3C1-476F-A217-FFEB3F983EF5}"
EndProject
Project("{9A19103F-16F7-4668-BE54-9A1E7A4F7556}") = "SwaggerShare", "01-Versioning\SwaggerShare\SwaggerShare.csproj", "{190D4DF8-AD7B-4883-B77B-73FD12750DC0}"
EndProject
Project("{9A19103F-16F7-4668-BE54-9A1E7A4F7556}") = "CustomSwagger", "01-Versioning\CustomSwagger\CustomSwagger.csproj", "{008CDEE5-D90A-40FC-9864-EB0F06BCA92E}"
EndProject
Project("{2150E333-8FDC-42A3-9474-1A3956D46DE8}") = "02 - Health Checks", "02 - Health Checks", "{751AE07F-8C4F-4CC8-A34B-EEF2C9234BC7}"
EndProject
Project("{9A19103F-16F7-4668-BE54-9A1E7A4F7556}") = "HealthChecks", "02-HealthChecks\HealthChecks\HealthChecks.csproj", "{E701A415-48AB-46B3-BB15-9E14284289B9}"
EndProject
Project("{9A19103F-16F7-4668-BE54-9A1E7A4F7556}") = "HealthCheckShare", "02-HealthChecks\HealthCheckShare\HealthCheckShare.csproj", "{6C106539-7E4B-42DB-9ED8-F42C92A2F0AF}"
EndProject
Project("{2150E333-8FDC-42A3-9474-1A3956D46DE8}") = "03-Error Handling", "03-Error Handling", "{D5713FA4-426F-4514-AF0F-206169401E1B}"
EndProject
Project("{2150E333-8FDC-42A3-9474-1A3956D46DE8}") = "04-Logging", "04-Logging", "{A4ABE3FC-768F-421C-BDCF-F7C4867722C7}"
EndProject
Project("{2150E333-8FDC-42A3-9474-1A3956D46DE8}") = "05-Distributed Tracing", "05-Distributed Tracing", "{D50D7748-019D-44FC-B94A-5B0EE3A3F2E4}"
EndProject
Project("{2150E333-8FDC-42A3-9474-1A3956D46DE8}") = "07-Testing", "07-Testing", "{4692B5A6-8D9A-46EF-BB6D-8A15EB192821}"
EndProject
Project("{2150E333-8FDC-42A3-9474-1A3956D46DE8}") = "08-EF Query Specification", "08-EF Query Specification", "{0808F3F8-D786-4D6D-9AFE-A9173855F5E1}"
EndProject
Project("{9A19103F-16F7-4668-BE54-9A1E7A4F7556}") = "ErrorHandling", "03-ErrorHandling\ErrorHandling\ErrorHandling.csproj", "{57D83FC7-1519-4177-9F84-D9569FE8C162}"
EndProject
Project("{9A19103F-16F7-4668-BE54-9A1E7A4F7556}") = "ExceptionShare", "03-ErrorHandling\ExceptionShare\ExceptionShare.csproj", "{4F536763-4801-42FA-9AB0-D59CB0095508}"
EndProject
Project("{9A19103F-16F7-4668-BE54-9A1E7A4F7556}") = "DomainExceptions", "03-ErrorHandling\DomainExceptions\DomainExceptions.csproj", "{A6F471D7-9A9F-4B4F-8683-85F3590D24A5}"
EndProject
Project("{9A19103F-16F7-4668-BE54-9A1E7A4F7556}") = "Logging", "04-Logging\Logging\Logging.csproj", "{0618BF5C-C057-4D31-BFB4-AD88FB23A49F}"
EndProject
Project("{9A19103F-16F7-4668-BE54-9A1E7A4F7556}") = "DistributedWebsite", "05-DistributedTracing\DistributedWebsite\DistributedWebsite.csproj", "{40E9A697-E9C4-4973-8B57-7338E9625D19}"
EndProject
Project("{9A19103F-16F7-4668-BE54-9A1E7A4F7556}") = "DistributedShoppingCart", "05-DistributedTracing\DistributedShoppingCart\DistributedShoppingCart.csproj", "{F85634D1-2FBE-4332-BFA0-A0F2824EF33B}"
EndProject
Project("{9A19103F-16F7-4668-BE54-9A1E7A4F7556}") = "DistributedPayment", "05-DistributedTracing\DistributedPayment\DistributedPayment.csproj", "{AA345047-C168-4D2E-B480-57554435FA99}"
EndProject
Project("{9A19103F-16F7-4668-BE54-9A1E7A4F7556}") = "DistributedShare", "05-DistributedTracing\DistributedShare\DistributedShare.csproj", "{64FB74B0-7C6C-4C59-A88E-4481BD3DAB14}"
EndProject
Project("{9A19103F-16F7-4668-BE54-9A1E7A4F7556}") = "TestBuilderProject", "07-Testing\TestBuilderProject\TestBuilderProject.csproj", "{7F992544-BE48-4CB5-8A85-CCA14C57F990}"
EndProject
Project("{9A19103F-16F7-4668-BE54-9A1E7A4F7556}") = "TestBuilderProject.Tests", "07-Testing\TestBuilderProject.Tests\TestBuilderProject.Tests.csproj", "{A0BE44F0-EC59-466E-AA9E-84B70194926E}"
EndProject
Project("{9A19103F-16F7-4668-BE54-9A1E7A4F7556}") = "TestingShare", "07-Testing\TestingShare\TestingShare.csproj", "{4A4AED0C-034C-42F6-9ED5-1431E114C3B0}"
EndProject
Global
	GlobalSection(SolutionConfigurationPlatforms) = preSolution
		Debug|Any CPU = Debug|Any CPU
		Release|Any CPU = Release|Any CPU
	EndGlobalSection
	GlobalSection(ProjectConfigurationPlatforms) = postSolution
		{B127D8BD-B3C1-476F-A217-FFEB3F983EF5}.Debug|Any CPU.ActiveCfg = Debug|Any CPU
		{B127D8BD-B3C1-476F-A217-FFEB3F983EF5}.Debug|Any CPU.Build.0 = Debug|Any CPU
		{B127D8BD-B3C1-476F-A217-FFEB3F983EF5}.Release|Any CPU.ActiveCfg = Release|Any CPU
		{B127D8BD-B3C1-476F-A217-FFEB3F983EF5}.Release|Any CPU.Build.0 = Release|Any CPU
		{190D4DF8-AD7B-4883-B77B-73FD12750DC0}.Debug|Any CPU.ActiveCfg = Debug|Any CPU
		{190D4DF8-AD7B-4883-B77B-73FD12750DC0}.Debug|Any CPU.Build.0 = Debug|Any CPU
		{190D4DF8-AD7B-4883-B77B-73FD12750DC0}.Release|Any CPU.ActiveCfg = Release|Any CPU
		{190D4DF8-AD7B-4883-B77B-73FD12750DC0}.Release|Any CPU.Build.0 = Release|Any CPU
		{008CDEE5-D90A-40FC-9864-EB0F06BCA92E}.Debug|Any CPU.ActiveCfg = Debug|Any CPU
		{008CDEE5-D90A-40FC-9864-EB0F06BCA92E}.Debug|Any CPU.Build.0 = Debug|Any CPU
		{008CDEE5-D90A-40FC-9864-EB0F06BCA92E}.Release|Any CPU.ActiveCfg = Release|Any CPU
		{008CDEE5-D90A-40FC-9864-EB0F06BCA92E}.Release|Any CPU.Build.0 = Release|Any CPU
		{E701A415-48AB-46B3-BB15-9E14284289B9}.Debug|Any CPU.ActiveCfg = Debug|Any CPU
		{E701A415-48AB-46B3-BB15-9E14284289B9}.Debug|Any CPU.Build.0 = Debug|Any CPU
		{E701A415-48AB-46B3-BB15-9E14284289B9}.Release|Any CPU.ActiveCfg = Release|Any CPU
		{E701A415-48AB-46B3-BB15-9E14284289B9}.Release|Any CPU.Build.0 = Release|Any CPU
		{6C106539-7E4B-42DB-9ED8-F42C92A2F0AF}.Debug|Any CPU.ActiveCfg = Debug|Any CPU
		{6C106539-7E4B-42DB-9ED8-F42C92A2F0AF}.Debug|Any CPU.Build.0 = Debug|Any CPU
		{6C106539-7E4B-42DB-9ED8-F42C92A2F0AF}.Release|Any CPU.ActiveCfg = Release|Any CPU
		{6C106539-7E4B-42DB-9ED8-F42C92A2F0AF}.Release|Any CPU.Build.0 = Release|Any CPU
		{57D83FC7-1519-4177-9F84-D9569FE8C162}.Debug|Any CPU.ActiveCfg = Debug|Any CPU
		{57D83FC7-1519-4177-9F84-D9569FE8C162}.Debug|Any CPU.Build.0 = Debug|Any CPU
		{57D83FC7-1519-4177-9F84-D9569FE8C162}.Release|Any CPU.ActiveCfg = Release|Any CPU
		{57D83FC7-1519-4177-9F84-D9569FE8C162}.Release|Any CPU.Build.0 = Release|Any CPU
		{4F536763-4801-42FA-9AB0-D59CB0095508}.Debug|Any CPU.ActiveCfg = Debug|Any CPU
		{4F536763-4801-42FA-9AB0-D59CB0095508}.Debug|Any CPU.Build.0 = Debug|Any CPU
		{4F536763-4801-42FA-9AB0-D59CB0095508}.Release|Any CPU.ActiveCfg = Release|Any CPU
		{4F536763-4801-42FA-9AB0-D59CB0095508}.Release|Any CPU.Build.0 = Release|Any CPU
		{A6F471D7-9A9F-4B4F-8683-85F3590D24A5}.Debug|Any CPU.ActiveCfg = Debug|Any CPU
		{A6F471D7-9A9F-4B4F-8683-85F3590D24A5}.Debug|Any CPU.Build.0 = Debug|Any CPU
		{A6F471D7-9A9F-4B4F-8683-85F3590D24A5}.Release|Any CPU.ActiveCfg = Release|Any CPU
		{A6F471D7-9A9F-4B4F-8683-85F3590D24A5}.Release|Any CPU.Build.0 = Release|Any CPU
		{0618BF5C-C057-4D31-BFB4-AD88FB23A49F}.Debug|Any CPU.ActiveCfg = Debug|Any CPU
		{0618BF5C-C057-4D31-BFB4-AD88FB23A49F}.Debug|Any CPU.Build.0 = Debug|Any CPU
		{0618BF5C-C057-4D31-BFB4-AD88FB23A49F}.Release|Any CPU.ActiveCfg = Release|Any CPU
		{0618BF5C-C057-4D31-BFB4-AD88FB23A49F}.Release|Any CPU.Build.0 = Release|Any CPU
		{40E9A697-E9C4-4973-8B57-7338E9625D19}.Debug|Any CPU.ActiveCfg = Debug|Any CPU
		{40E9A697-E9C4-4973-8B57-7338E9625D19}.Debug|Any CPU.Build.0 = Debug|Any CPU
		{40E9A697-E9C4-4973-8B57-7338E9625D19}.Release|Any CPU.ActiveCfg = Release|Any CPU
		{40E9A697-E9C4-4973-8B57-7338E9625D19}.Release|Any CPU.Build.0 = Release|Any CPU
		{F85634D1-2FBE-4332-BFA0-A0F2824EF33B}.Debug|Any CPU.ActiveCfg = Debug|Any CPU
		{F85634D1-2FBE-4332-BFA0-A0F2824EF33B}.Debug|Any CPU.Build.0 = Debug|Any CPU
		{F85634D1-2FBE-4332-BFA0-A0F2824EF33B}.Release|Any CPU.ActiveCfg = Release|Any CPU
		{F85634D1-2FBE-4332-BFA0-A0F2824EF33B}.Release|Any CPU.Build.0 = Release|Any CPU
		{AA345047-C168-4D2E-B480-57554435FA99}.Debug|Any CPU.ActiveCfg = Debug|Any CPU
		{AA345047-C168-4D2E-B480-57554435FA99}.Debug|Any CPU.Build.0 = Debug|Any CPU
		{AA345047-C168-4D2E-B480-57554435FA99}.Release|Any CPU.ActiveCfg = Release|Any CPU
		{AA345047-C168-4D2E-B480-57554435FA99}.Release|Any CPU.Build.0 = Release|Any CPU
		{64FB74B0-7C6C-4C59-A88E-4481BD3DAB14}.Debug|Any CPU.ActiveCfg = Debug|Any CPU
		{64FB74B0-7C6C-4C59-A88E-4481BD3DAB14}.Debug|Any CPU.Build.0 = Debug|Any CPU
		{64FB74B0-7C6C-4C59-A88E-4481BD3DAB14}.Release|Any CPU.ActiveCfg = Release|Any CPU
		{64FB74B0-7C6C-4C59-A88E-4481BD3DAB14}.Release|Any CPU.Build.0 = Release|Any CPU
		{7F992544-BE48-4CB5-8A85-CCA14C57F990}.Debug|Any CPU.ActiveCfg = Debug|Any CPU
		{7F992544-BE48-4CB5-8A85-CCA14C57F990}.Debug|Any CPU.Build.0 = Debug|Any CPU
		{7F992544-BE48-4CB5-8A85-CCA14C57F990}.Release|Any CPU.ActiveCfg = Release|Any CPU
		{7F992544-BE48-4CB5-8A85-CCA14C57F990}.Release|Any CPU.Build.0 = Release|Any CPU
		{A0BE44F0-EC59-466E-AA9E-84B70194926E}.Debug|Any CPU.ActiveCfg = Debug|Any CPU
		{A0BE44F0-EC59-466E-AA9E-84B70194926E}.Debug|Any CPU.Build.0 = Debug|Any CPU
		{A0BE44F0-EC59-466E-AA9E-84B70194926E}.Release|Any CPU.ActiveCfg = Release|Any CPU
		{A0BE44F0-EC59-466E-AA9E-84B70194926E}.Release|Any CPU.Build.0 = Release|Any CPU
		{4A4AED0C-034C-42F6-9ED5-1431E114C3B0}.Debug|Any CPU.ActiveCfg = Debug|Any CPU
		{4A4AED0C-034C-42F6-9ED5-1431E114C3B0}.Debug|Any CPU.Build.0 = Debug|Any CPU
		{4A4AED0C-034C-42F6-9ED5-1431E114C3B0}.Release|Any CPU.ActiveCfg = Release|Any CPU
		{4A4AED0C-034C-42F6-9ED5-1431E114C3B0}.Release|Any CPU.Build.0 = Release|Any CPU
	EndGlobalSection
	GlobalSection(SolutionProperties) = preSolution
		HideSolutionNode = FALSE
	EndGlobalSection
	GlobalSection(NestedProjects) = preSolution
		{B127D8BD-B3C1-476F-A217-FFEB3F983EF5} = {5EC4E607-49CE-4CB1-81AB-188586AA30C6}
		{190D4DF8-AD7B-4883-B77B-73FD12750DC0} = {5EC4E607-49CE-4CB1-81AB-188586AA30C6}
		{008CDEE5-D90A-40FC-9864-EB0F06BCA92E} = {5EC4E607-49CE-4CB1-81AB-188586AA30C6}
		{E701A415-48AB-46B3-BB15-9E14284289B9} = {751AE07F-8C4F-4CC8-A34B-EEF2C9234BC7}
		{6C106539-7E4B-42DB-9ED8-F42C92A2F0AF} = {751AE07F-8C4F-4CC8-A34B-EEF2C9234BC7}
		{57D83FC7-1519-4177-9F84-D9569FE8C162} = {D5713FA4-426F-4514-AF0F-206169401E1B}
		{4F536763-4801-42FA-9AB0-D59CB0095508} = {D5713FA4-426F-4514-AF0F-206169401E1B}
		{A6F471D7-9A9F-4B4F-8683-85F3590D24A5} = {D5713FA4-426F-4514-AF0F-206169401E1B}
		{0618BF5C-C057-4D31-BFB4-AD88FB23A49F} = {A4ABE3FC-768F-421C-BDCF-F7C4867722C7}
		{40E9A697-E9C4-4973-8B57-7338E9625D19} = {D50D7748-019D-44FC-B94A-5B0EE3A3F2E4}
		{F85634D1-2FBE-4332-BFA0-A0F2824EF33B} = {D50D7748-019D-44FC-B94A-5B0EE3A3F2E4}
		{AA345047-C168-4D2E-B480-57554435FA99} = {D50D7748-019D-44FC-B94A-5B0EE3A3F2E4}
		{64FB74B0-7C6C-4C59-A88E-4481BD3DAB14} = {D50D7748-019D-44FC-B94A-5B0EE3A3F2E4}
		{7F992544-BE48-4CB5-8A85-CCA14C57F990} = {4692B5A6-8D9A-46EF-BB6D-8A15EB192821}
		{A0BE44F0-EC59-466E-AA9E-84B70194926E} = {4692B5A6-8D9A-46EF-BB6D-8A15EB192821}
		{4A4AED0C-034C-42F6-9ED5-1431E114C3B0} = {4692B5A6-8D9A-46EF-BB6D-8A15EB192821}
	EndGlobalSection
	GlobalSection(ExtensibilityGlobals) = postSolution
		SolutionGuid = {AB147313-ED58-432C-ACAB-DC80A549FFDF}
	EndGlobalSection
EndGlobal
